// !$*UTF8*$!
{
	archiveVersion = 1;
	classes = {
	};
	objectVersion = 63;
	objects = {

/* Begin PBXBuildFile section */
		01998539149CB64777BA3282 /* ExamplePutRequest.swift in Sources */ = {isa = PBXBuildFile; fileRef = 1E1F2B1145054A859B1F6D5C /* ExamplePutRequest.swift */; };
		020E32825B8A88C5C3747D62 /* Request.swift in Sources */ = {isa = PBXBuildFile; fileRef = F37B9844B7216D0A222BD527 /* Request.swift */; };
		0289DDD0554E6A6ABA8CA11E /* Kingfisher in Frameworks */ = {isa = PBXBuildFile; productRef = 44EED02321EDA94878C09522 /* Kingfisher */; };
		08DB34FCAE12AC041A908950 /* NftImageCollectionViewCell.swift in Sources */ = {isa = PBXBuildFile; fileRef = 373EECCA54DF30B31B419DF5 /* NftImageCollectionViewCell.swift */; };
		14911D9F694417FDC1156072 /* SceneDelegate.swift in Sources */ = {isa = PBXBuildFile; fileRef = EA752995109DF71FCAA61ABC /* SceneDelegate.swift */; };
		1508104A24B7BD9CFB4FF98F /* TestCatalogController.swift in Sources */ = {isa = PBXBuildFile; fileRef = 13CF9AC9FA3CCA678399652C /* TestCatalogController.swift */; };
		1E848B2202038199DB18FF48 /* AppDelegate.swift in Sources */ = {isa = PBXBuildFile; fileRef = C561FA9FDB72E95A8696A97D /* AppDelegate.swift */; };
		2644F061D14271346263ACEC /* ProgressHUD in Frameworks */ = {isa = PBXBuildFile; productRef = DB6BB4B4E190860DB66EC6E4 /* ProgressHUD */; };
		3045EC32E5E3C52AF9C91ED3 /* RequestConstants.swift in Sources */ = {isa = PBXBuildFile; fileRef = 9BE8BADC4FCCE5F5E400F8AF /* RequestConstants.swift */; };
		39054A7A177068739962A3F1 /* LinePageControl.swift in Sources */ = {isa = PBXBuildFile; fileRef = D1190193BAD3E43AEA9BBCA7 /* LinePageControl.swift */; };
		3990B1CC3EF370B7CFAC7D8B /* NftDetailCellModel.swift in Sources */ = {isa = PBXBuildFile; fileRef = 109A54826C320DD5C0018A3B /* NftDetailCellModel.swift */; };
		3C2397392E15E04900EF86AA /* AppDIContainer.swift in Sources */ = {isa = PBXBuildFile; fileRef = 3C2397372E15E04400EF86AA /* AppDIContainer.swift */; };
		3DDD49472B03AB44342F5391 /* TabBarController.swift in Sources */ = {isa = PBXBuildFile; fileRef = E1E6745274EDFF7184A578DD /* TabBarController.swift */; };
		489F3AF6E77473E8A52B5A8F /* FakeNFTUITests.swift in Sources */ = {isa = PBXBuildFile; fileRef = 1BFFEBF51F316E5161BE5DF7 /* FakeNFTUITests.swift */; };
		4DDBBE344C178C4F3FCEEC53 /* ExampleUnitTests.swift in Sources */ = {isa = PBXBuildFile; fileRef = 07EC7AA175608E2723EC8972 /* ExampleUnitTests.swift */; };
		512824907125B3477B3EBEE4 /* Colors.swift in Sources */ = {isa = PBXBuildFile; fileRef = 346E88310201D3B71FB15951 /* Colors.swift */; };
		58D04EEC6814EDDF71BEA117 /* Localizable.strings in Resources */ = {isa = PBXBuildFile; fileRef = 3570CC527F167E8A8EAEAD01 /* Localizable.strings */; };
		5BFD599CA25759AA3DDC19B4 /* ServicesAssemly.swift in Sources */ = {isa = PBXBuildFile; fileRef = 2593A8436F9A60117D318619 /* ServicesAssemly.swift */; };
		67CB368D36B9FBFEEF9A8F2B /* LaunchScreen.storyboard in Resources */ = {isa = PBXBuildFile; fileRef = 9A394A13AA6B15A8F75441E2 /* LaunchScreen.storyboard */; };
		6A54BDBE83EE316046850733 /* UIView+Constraints.swift in Sources */ = {isa = PBXBuildFile; fileRef = 8DE03E7BA60F097F33F42635 /* UIView+Constraints.swift */; };
		6EB89E59C3FD99D8C647C816 /* NetworkClient.swift in Sources */ = {isa = PBXBuildFile; fileRef = 4BC3D26C4956820B9AD27367 /* NetworkClient.swift */; };
		712FFC2D44A5F8ABB1683FB4 /* NftService.swift in Sources */ = {isa = PBXBuildFile; fileRef = 579B3E47DF8894BA7DA1F95C /* NftService.swift */; };
		7AE5370451A98EA53FF3255B /* NftDetailViewController.swift in Sources */ = {isa = PBXBuildFile; fileRef = 288964E326656F117810B586 /* NftDetailViewController.swift */; };
		811D1A97347D92488CC96BF0 /* ProductDetailsTableViewCell.swift in Sources */ = {isa = PBXBuildFile; fileRef = 8A56B1972874B1531F45990C /* ProductDetailsTableViewCell.swift */; };
		920AF6AB19824A9A9C283698 /* CellsReusingUtils.swift in Sources */ = {isa = PBXBuildFile; fileRef = F31EF799E5E0D16491407CB9 /* CellsReusingUtils.swift */; };
		923608E72500401E3A47D6C2 /* ProductDetailsTableViewController.swift in Sources */ = {isa = PBXBuildFile; fileRef = 2106126804BEC0EAA9FE51B2 /* ProductDetailsTableViewController.swift */; };
		9BC1F7E73863F076FF2AC5E0 /* LoadingView.swift in Sources */ = {isa = PBXBuildFile; fileRef = 691F39CE4ADF451010C19F2A /* LoadingView.swift */; };
		9EED6AEA4BAAD8679A9BCA35 /* ExamplePutService.swift in Sources */ = {isa = PBXBuildFile; fileRef = 4EC4DBBDE954BE123312AF12 /* ExamplePutService.swift */; };
		A1C10262B07EECFEE37EC973 /* NftDetailInput.swift in Sources */ = {isa = PBXBuildFile; fileRef = D954FB80EF0A93C26D66A770 /* NftDetailInput.swift */; };
		AC276C01A38928B40DE287AC /* Fonts.swift in Sources */ = {isa = PBXBuildFile; fileRef = B8671EE913824AA0BE11193E /* Fonts.swift */; };
		C1A4FF17E68B61B8088FC62F /* NftStorage.swift in Sources */ = {isa = PBXBuildFile; fileRef = 78B2366A796B0E495FC32D3D /* NftStorage.swift */; };
		C33636E5DE0E7D00D4FCA814 /* NftByIdRequest.swift in Sources */ = {isa = PBXBuildFile; fileRef = C46DDB42216FB93A4A6E549A /* NftByIdRequest.swift */; };
		C426B5114195B313614B55E2 /* DateFormatters+Presets.swift in Sources */ = {isa = PBXBuildFile; fileRef = 50E6BF5F793C85048957E358 /* DateFormatters+Presets.swift */; };
		D24639CBB8C4BBE90C518BE4 /* Assets.xcassets in Resources */ = {isa = PBXBuildFile; fileRef = 255CB7DC3D89667C6AA180A7 /* Assets.xcassets */; };
		D38E82C6C903AF64BEF9C198 /* Nft.swift in Sources */ = {isa = PBXBuildFile; fileRef = 0BBA19A54560CF395F3385FE /* Nft.swift */; };
		DD843DFA6571D91101564300 /* NetworkRequest.swift in Sources */ = {isa = PBXBuildFile; fileRef = FB1E013ED59B6304090D8227 /* NetworkRequest.swift */; };
		E192620ABA5433BD126E8EB0 /* NetworkTask.swift in Sources */ = {isa = PBXBuildFile; fileRef = 6CE42748CE87342F64EBCCF0 /* NetworkTask.swift */; };
		E90121C5AC409A43D7C05669 /* NftDetailAssembly.swift in Sources */ = {isa = PBXBuildFile; fileRef = 42FD22D0901548C354141602 /* NftDetailAssembly.swift */; };
		F07C0C0717F5DD735D8E54E2 /* ErrorView.swift in Sources */ = {isa = PBXBuildFile; fileRef = 9C4FB76EB03FFA27923E7F11 /* ErrorView.swift */; };
		F8370065978B13DF5ECC83E0 /* SnapKit in Frameworks */ = {isa = PBXBuildFile; productRef = 3065F5C4C5E4C37B27A75CF1 /* SnapKit */; };
		FA94E0B4B6DBA974B71A746C /* NftDetailPresenter.swift in Sources */ = {isa = PBXBuildFile; fileRef = B6EC34E86AA259323AFB8CB8 /* NftDetailPresenter.swift */; };
/* End PBXBuildFile section */

/* Begin PBXContainerItemProxy section */
		A3E873619913094DCB449E36 /* PBXContainerItemProxy */ = {
			isa = PBXContainerItemProxy;
			containerPortal = 1DE3441A45DB17AB68CF0058 /* Project object */;
			proxyType = 1;
			remoteGlobalIDString = 49F29AB4404937D56AB2228B;
			remoteInfo = FakeNFT;
		};
		DB7CB58124E01D75F7686D53 /* PBXContainerItemProxy */ = {
			isa = PBXContainerItemProxy;
			containerPortal = 1DE3441A45DB17AB68CF0058 /* Project object */;
			proxyType = 1;
			remoteGlobalIDString = 49F29AB4404937D56AB2228B;
			remoteInfo = FakeNFT;
		};
/* End PBXContainerItemProxy section */

/* Begin PBXFileReference section */
		07EC7AA175608E2723EC8972 /* ExampleUnitTests.swift */ = {isa = PBXFileReference; lastKnownFileType = sourcecode.swift; path = ExampleUnitTests.swift; sourceTree = "<group>"; };
		099887B1A17438C9EBD57F7A /* FakeNFT.app */ = {isa = PBXFileReference; includeInIndex = 0; lastKnownFileType = wrapper.application; path = FakeNFT.app; sourceTree = BUILT_PRODUCTS_DIR; };
		0BBA19A54560CF395F3385FE /* Nft.swift */ = {isa = PBXFileReference; lastKnownFileType = sourcecode.swift; path = Nft.swift; sourceTree = "<group>"; };
		109A54826C320DD5C0018A3B /* NftDetailCellModel.swift */ = {isa = PBXFileReference; lastKnownFileType = sourcecode.swift; path = NftDetailCellModel.swift; sourceTree = "<group>"; };
		13CF9AC9FA3CCA678399652C /* TestCatalogController.swift */ = {isa = PBXFileReference; lastKnownFileType = sourcecode.swift; path = TestCatalogController.swift; sourceTree = "<group>"; };
		176F0CB42929739A9DB2FC25 /* Base */ = {isa = PBXFileReference; lastKnownFileType = file.storyboard; name = Base; path = Base.lproj/LaunchScreen.storyboard; sourceTree = "<group>"; };
		1BFFEBF51F316E5161BE5DF7 /* FakeNFTUITests.swift */ = {isa = PBXFileReference; lastKnownFileType = sourcecode.swift; path = FakeNFTUITests.swift; sourceTree = "<group>"; };
		1E1F2B1145054A859B1F6D5C /* ExamplePutRequest.swift */ = {isa = PBXFileReference; lastKnownFileType = sourcecode.swift; path = ExamplePutRequest.swift; sourceTree = "<group>"; };
		1F326B780B9DE88B0A511CAB /* Info.plist */ = {isa = PBXFileReference; lastKnownFileType = text.plist; path = Info.plist; sourceTree = "<group>"; };
		2106126804BEC0EAA9FE51B2 /* ProductDetailsTableViewController.swift */ = {isa = PBXFileReference; lastKnownFileType = sourcecode.swift; path = ProductDetailsTableViewController.swift; sourceTree = "<group>"; };
		255CB7DC3D89667C6AA180A7 /* Assets.xcassets */ = {isa = PBXFileReference; lastKnownFileType = folder.assetcatalog; path = Assets.xcassets; sourceTree = "<group>"; };
		2593A8436F9A60117D318619 /* ServicesAssemly.swift */ = {isa = PBXFileReference; lastKnownFileType = sourcecode.swift; path = ServicesAssemly.swift; sourceTree = "<group>"; };
		288964E326656F117810B586 /* NftDetailViewController.swift */ = {isa = PBXFileReference; lastKnownFileType = sourcecode.swift; path = NftDetailViewController.swift; sourceTree = "<group>"; };
		346E88310201D3B71FB15951 /* Colors.swift */ = {isa = PBXFileReference; lastKnownFileType = sourcecode.swift; path = Colors.swift; sourceTree = "<group>"; };
		3570CC527F167E8A8EAEAD01 /* Localizable.strings */ = {isa = PBXFileReference; lastKnownFileType = text.plist.strings; path = Localizable.strings; sourceTree = "<group>"; };
		373EECCA54DF30B31B419DF5 /* NftImageCollectionViewCell.swift */ = {isa = PBXFileReference; lastKnownFileType = sourcecode.swift; path = NftImageCollectionViewCell.swift; sourceTree = "<group>"; };
		3C2397372E15E04400EF86AA /* AppDIContainer.swift */ = {isa = PBXFileReference; lastKnownFileType = sourcecode.swift; path = AppDIContainer.swift; sourceTree = "<group>"; };
		42FD22D0901548C354141602 /* NftDetailAssembly.swift */ = {isa = PBXFileReference; lastKnownFileType = sourcecode.swift; path = NftDetailAssembly.swift; sourceTree = "<group>"; };
		4BC3D26C4956820B9AD27367 /* NetworkClient.swift */ = {isa = PBXFileReference; lastKnownFileType = sourcecode.swift; path = NetworkClient.swift; sourceTree = "<group>"; };
		4EC4DBBDE954BE123312AF12 /* ExamplePutService.swift */ = {isa = PBXFileReference; lastKnownFileType = sourcecode.swift; path = ExamplePutService.swift; sourceTree = "<group>"; };
		50E6BF5F793C85048957E358 /* DateFormatters+Presets.swift */ = {isa = PBXFileReference; lastKnownFileType = sourcecode.swift; path = "DateFormatters+Presets.swift"; sourceTree = "<group>"; };
		579B3E47DF8894BA7DA1F95C /* NftService.swift */ = {isa = PBXFileReference; lastKnownFileType = sourcecode.swift; path = NftService.swift; sourceTree = "<group>"; };
		64011EE65C10EBCAAD4B1B2C /* FakeNFTUITests.xctest */ = {isa = PBXFileReference; includeInIndex = 0; lastKnownFileType = wrapper.cfbundle; path = FakeNFTUITests.xctest; sourceTree = BUILT_PRODUCTS_DIR; };
		691F39CE4ADF451010C19F2A /* LoadingView.swift */ = {isa = PBXFileReference; lastKnownFileType = sourcecode.swift; path = LoadingView.swift; sourceTree = "<group>"; };
		6CE42748CE87342F64EBCCF0 /* NetworkTask.swift */ = {isa = PBXFileReference; lastKnownFileType = sourcecode.swift; path = NetworkTask.swift; sourceTree = "<group>"; };
		78B2366A796B0E495FC32D3D /* NftStorage.swift */ = {isa = PBXFileReference; lastKnownFileType = sourcecode.swift; path = NftStorage.swift; sourceTree = "<group>"; };
		8A56B1972874B1531F45990C /* ProductDetailsTableViewCell.swift */ = {isa = PBXFileReference; lastKnownFileType = sourcecode.swift; path = ProductDetailsTableViewCell.swift; sourceTree = "<group>"; };
		8DE03E7BA60F097F33F42635 /* UIView+Constraints.swift */ = {isa = PBXFileReference; lastKnownFileType = sourcecode.swift; path = "UIView+Constraints.swift"; sourceTree = "<group>"; };
		9BE8BADC4FCCE5F5E400F8AF /* RequestConstants.swift */ = {isa = PBXFileReference; lastKnownFileType = sourcecode.swift; path = RequestConstants.swift; sourceTree = "<group>"; };
		9C4FB76EB03FFA27923E7F11 /* ErrorView.swift */ = {isa = PBXFileReference; lastKnownFileType = sourcecode.swift; path = ErrorView.swift; sourceTree = "<group>"; };
		B6EC34E86AA259323AFB8CB8 /* NftDetailPresenter.swift */ = {isa = PBXFileReference; lastKnownFileType = sourcecode.swift; path = NftDetailPresenter.swift; sourceTree = "<group>"; };
		B8671EE913824AA0BE11193E /* Fonts.swift */ = {isa = PBXFileReference; lastKnownFileType = sourcecode.swift; path = Fonts.swift; sourceTree = "<group>"; };
		C13E60E9051CD359A604CA91 /* ru */ = {isa = PBXFileReference; lastKnownFileType = text.plist.strings; name = ru; path = ru.lproj/LaunchScreen.strings; sourceTree = "<group>"; };
		C2B18F3F127D01D8ABF389BE /* FakeNFTTests.xctest */ = {isa = PBXFileReference; includeInIndex = 0; lastKnownFileType = wrapper.cfbundle; path = FakeNFTTests.xctest; sourceTree = BUILT_PRODUCTS_DIR; };
		C46DDB42216FB93A4A6E549A /* NftByIdRequest.swift */ = {isa = PBXFileReference; lastKnownFileType = sourcecode.swift; path = NftByIdRequest.swift; sourceTree = "<group>"; };
		C561FA9FDB72E95A8696A97D /* AppDelegate.swift */ = {isa = PBXFileReference; lastKnownFileType = sourcecode.swift; path = AppDelegate.swift; sourceTree = "<group>"; };
		D1190193BAD3E43AEA9BBCA7 /* LinePageControl.swift */ = {isa = PBXFileReference; lastKnownFileType = sourcecode.swift; path = LinePageControl.swift; sourceTree = "<group>"; };
		D954FB80EF0A93C26D66A770 /* NftDetailInput.swift */ = {isa = PBXFileReference; lastKnownFileType = sourcecode.swift; path = NftDetailInput.swift; sourceTree = "<group>"; };
		E1E6745274EDFF7184A578DD /* TabBarController.swift */ = {isa = PBXFileReference; lastKnownFileType = sourcecode.swift; path = TabBarController.swift; sourceTree = "<group>"; };
		EA752995109DF71FCAA61ABC /* SceneDelegate.swift */ = {isa = PBXFileReference; lastKnownFileType = sourcecode.swift; path = SceneDelegate.swift; sourceTree = "<group>"; };
		F31EF799E5E0D16491407CB9 /* CellsReusingUtils.swift */ = {isa = PBXFileReference; lastKnownFileType = sourcecode.swift; path = CellsReusingUtils.swift; sourceTree = "<group>"; };
		F37B9844B7216D0A222BD527 /* Request.swift */ = {isa = PBXFileReference; lastKnownFileType = sourcecode.swift; path = Request.swift; sourceTree = "<group>"; };
		FB1E013ED59B6304090D8227 /* NetworkRequest.swift */ = {isa = PBXFileReference; lastKnownFileType = sourcecode.swift; path = NetworkRequest.swift; sourceTree = "<group>"; };
/* End PBXFileReference section */

/* Begin PBXFrameworksBuildPhase section */
		994D6DFE9045A918DD1BD954 /* Frameworks */ = {
			isa = PBXFrameworksBuildPhase;
			buildActionMask = 2147483647;
			files = (
				F8370065978B13DF5ECC83E0 /* SnapKit in Frameworks */,
				2644F061D14271346263ACEC /* ProgressHUD in Frameworks */,
				0289DDD0554E6A6ABA8CA11E /* Kingfisher in Frameworks */,
			);
			runOnlyForDeploymentPostprocessing = 0;
		};
/* End PBXFrameworksBuildPhase section */

/* Begin PBXGroup section */
		06A173F6310F3F86C656DE73 /* NftDetails */ = {
			isa = PBXGroup;
			children = (
				42FD22D0901548C354141602 /* NftDetailAssembly.swift */,
				D954FB80EF0A93C26D66A770 /* NftDetailInput.swift */,
				B6EC34E86AA259323AFB8CB8 /* NftDetailPresenter.swift */,
				288964E326656F117810B586 /* NftDetailViewController.swift */,
				FE320147B627D04FC68F0F5C /* Cell */,
			);
			path = NftDetails;
			sourceTree = "<group>";
		};
		0D4260CE18917DEA8FDE5FA3 /* ProductDetails */ = {
			isa = PBXGroup;
			children = (
				8A56B1972874B1531F45990C /* ProductDetailsTableViewCell.swift */,
				2106126804BEC0EAA9FE51B2 /* ProductDetailsTableViewController.swift */,
			);
			path = ProductDetails;
			sourceTree = "<group>";
		};
		11CCEE21DC166D29DC644C08 /* Common */ = {
			isa = PBXGroup;
			children = (
				19D78FB1169C5D6E199B3B78 /* Protocols */,
				FFBF5D527E6A7629108FB23B /* Views */,
			);
			path = Common;
			sourceTree = "<group>";
		};
		1283880FE87019991BB7D726 /* TabBarController */ = {
			isa = PBXGroup;
			children = (
				E1E6745274EDFF7184A578DD /* TabBarController.swift */,
			);
			path = TabBarController;
			sourceTree = "<group>";
		};
		19D78FB1169C5D6E199B3B78 /* Protocols */ = {
			isa = PBXGroup;
			children = (
				9C4FB76EB03FFA27923E7F11 /* ErrorView.swift */,
				691F39CE4ADF451010C19F2A /* LoadingView.swift */,
			);
			path = Protocols;
			sourceTree = "<group>";
		};
		1A7B21D043EEBF0D5080B76C /* FakeNFTTests */ = {
			isa = PBXGroup;
			children = (
				07EC7AA175608E2723EC8972 /* ExampleUnitTests.swift */,
			);
			path = FakeNFTTests;
			sourceTree = "<group>";
		};
		30D03C9E8CDCA32A6BCCC770 /* Products */ = {
			isa = PBXGroup;
			children = (
				099887B1A17438C9EBD57F7A /* FakeNFT.app */,
				C2B18F3F127D01D8ABF389BE /* FakeNFTTests.xctest */,
				64011EE65C10EBCAAD4B1B2C /* FakeNFTUITests.xctest */,
			);
			name = Products;
			sourceTree = "<group>";
		};
		3871E3A1DC1A6C28DF86B429 /* FakeNFT */ = {
			isa = PBXGroup;
			children = (
				3C23973A2E15E09600EF86AA /* Core */,
				C561FA9FDB72E95A8696A97D /* AppDelegate.swift */,
				1F326B780B9DE88B0A511CAB /* Info.plist */,
				EA752995109DF71FCAA61ABC /* SceneDelegate.swift */,
				ED8FC827C6DDC95D551B8AA4 /* DesignSystem */,
				710305F833E2762B898A81CC /* Foundation */,
				7D365007DF5699772DA79FF1 /* Models */,
				DE69185FCDDD119D68268516 /* Resources */,
				46B8D5597AEA1C7FA5E2BA5C /* Scenes */,
				E1697A2FA6871D68289F86C4 /* Services */,
			);
			path = FakeNFT;
			sourceTree = "<group>";
		};
		3C23973A2E15E09600EF86AA /* Core */ = {
			isa = PBXGroup;
			children = (
				3C2397372E15E04400EF86AA /* AppDIContainer.swift */,
			);
			path = Core;
			sourceTree = "<group>";
		};
		46B8D5597AEA1C7FA5E2BA5C /* Scenes */ = {
			isa = PBXGroup;
			children = (
				D2D38ABCF867340F641B8E04 /* Catalog */,
				11CCEE21DC166D29DC644C08 /* Common */,
				06A173F6310F3F86C656DE73 /* NftDetails */,
				0D4260CE18917DEA8FDE5FA3 /* ProductDetails */,
				1283880FE87019991BB7D726 /* TabBarController */,
			);
			path = Scenes;
			sourceTree = "<group>";
		};
		61CE69A88FDB8DF18DFC752B /* Requests */ = {
			isa = PBXGroup;
			children = (
				1E1F2B1145054A859B1F6D5C /* ExamplePutRequest.swift */,
				C46DDB42216FB93A4A6E549A /* NftByIdRequest.swift */,
				9BE8BADC4FCCE5F5E400F8AF /* RequestConstants.swift */,
			);
			path = Requests;
			sourceTree = "<group>";
		};
		627A2EE0EDD8281D55DEDF6F /* Network */ = {
			isa = PBXGroup;
			children = (
				0BBA19A54560CF395F3385FE /* Nft.swift */,
			);
			path = Network;
			sourceTree = "<group>";
		};
		710305F833E2762B898A81CC /* Foundation */ = {
			isa = PBXGroup;
			children = (
				F31EF799E5E0D16491407CB9 /* CellsReusingUtils.swift */,
				50E6BF5F793C85048957E358 /* DateFormatters+Presets.swift */,
				8DE03E7BA60F097F33F42635 /* UIView+Constraints.swift */,
				9DEFD52E0282BDB5813A4708 /* MemoryStorage */,
				7AE5165C58BC7CDAC00949AA /* NetworkClient */,
			);
			path = Foundation;
			sourceTree = "<group>";
		};
		7AE5165C58BC7CDAC00949AA /* NetworkClient */ = {
			isa = PBXGroup;
			children = (
				4BC3D26C4956820B9AD27367 /* NetworkClient.swift */,
				FB1E013ED59B6304090D8227 /* NetworkRequest.swift */,
				6CE42748CE87342F64EBCCF0 /* NetworkTask.swift */,
				F37B9844B7216D0A222BD527 /* Request.swift */,
			);
			path = NetworkClient;
			sourceTree = "<group>";
		};
		7D365007DF5699772DA79FF1 /* Models */ = {
			isa = PBXGroup;
			children = (
				627A2EE0EDD8281D55DEDF6F /* Network */,
			);
			path = Models;
			sourceTree = "<group>";
		};
		8C29C1A3D6BC92326E859374 = {
			isa = PBXGroup;
			children = (
				3871E3A1DC1A6C28DF86B429 /* FakeNFT */,
				1A7B21D043EEBF0D5080B76C /* FakeNFTTests */,
				C95635A84A14AE6912E156A8 /* FakeNFTUITests */,
				30D03C9E8CDCA32A6BCCC770 /* Products */,
			);
			indentWidth = 2;
			sourceTree = "<group>";
			tabWidth = 2;
			usesTabs = 0;
		};
		9DEFD52E0282BDB5813A4708 /* MemoryStorage */ = {
			isa = PBXGroup;
			children = (
				78B2366A796B0E495FC32D3D /* NftStorage.swift */,
			);
			path = MemoryStorage;
			sourceTree = "<group>";
		};
		C95635A84A14AE6912E156A8 /* FakeNFTUITests */ = {
			isa = PBXGroup;
			children = (
				1BFFEBF51F316E5161BE5DF7 /* FakeNFTUITests.swift */,
			);
			path = FakeNFTUITests;
			sourceTree = "<group>";
		};
		D2D38ABCF867340F641B8E04 /* Catalog */ = {
			isa = PBXGroup;
			children = (
				13CF9AC9FA3CCA678399652C /* TestCatalogController.swift */,
			);
			path = Catalog;
			sourceTree = "<group>";
		};
		DE69185FCDDD119D68268516 /* Resources */ = {
			isa = PBXGroup;
			children = (
				255CB7DC3D89667C6AA180A7 /* Assets.xcassets */,
				9A394A13AA6B15A8F75441E2 /* LaunchScreen.storyboard */,
				3570CC527F167E8A8EAEAD01 /* Localizable.strings */,
			);
			path = Resources;
			sourceTree = "<group>";
		};
		E1697A2FA6871D68289F86C4 /* Services */ = {
			isa = PBXGroup;
			children = (
				4EC4DBBDE954BE123312AF12 /* ExamplePutService.swift */,
				579B3E47DF8894BA7DA1F95C /* NftService.swift */,
				2593A8436F9A60117D318619 /* ServicesAssemly.swift */,
				61CE69A88FDB8DF18DFC752B /* Requests */,
			);
			path = Services;
			sourceTree = "<group>";
		};
		ED8FC827C6DDC95D551B8AA4 /* DesignSystem */ = {
			isa = PBXGroup;
			children = (
				346E88310201D3B71FB15951 /* Colors.swift */,
				B8671EE913824AA0BE11193E /* Fonts.swift */,
			);
			path = DesignSystem;
			sourceTree = "<group>";
		};
		FE320147B627D04FC68F0F5C /* Cell */ = {
			isa = PBXGroup;
			children = (
				109A54826C320DD5C0018A3B /* NftDetailCellModel.swift */,
				373EECCA54DF30B31B419DF5 /* NftImageCollectionViewCell.swift */,
			);
			path = Cell;
			sourceTree = "<group>";
		};
		FFBF5D527E6A7629108FB23B /* Views */ = {
			isa = PBXGroup;
			children = (
				D1190193BAD3E43AEA9BBCA7 /* LinePageControl.swift */,
			);
			path = Views;
			sourceTree = "<group>";
		};
/* End PBXGroup section */

/* Begin PBXNativeTarget section */
		2D40C3B174A8626C86859802 /* FakeNFTTests */ = {
			isa = PBXNativeTarget;
			buildConfigurationList = C8525D9CD2F79529FEE01C24 /* Build configuration list for PBXNativeTarget "FakeNFTTests" */;
			buildPhases = (
				3CD36542DECDCD063EB653FC /* Sources */,
			);
			buildRules = (
			);
			dependencies = (
				06BAA84FCCDFA95E3CB1C722 /* PBXTargetDependency */,
			);
			name = FakeNFTTests;
			packageProductDependencies = (
			);
			productName = FakeNFTTests;
			productReference = C2B18F3F127D01D8ABF389BE /* FakeNFTTests.xctest */;
			productType = "com.apple.product-type.bundle.unit-test";
		};
		49F29AB4404937D56AB2228B /* FakeNFT */ = {
			isa = PBXNativeTarget;
			buildConfigurationList = 0261D4FD5195CD1B9D5366A1 /* Build configuration list for PBXNativeTarget "FakeNFT" */;
			buildPhases = (
				32B29E8681D53B56BF6D16FE /* Run SwiftFormat */,
				3C768A5C3E139F209CAB0404 /* Run SwiftLint */,
				C9C417D2FF7A26E63A193B08 /* Sources */,
				8D8B0F78FBDEC055171424A5 /* Resources */,
				994D6DFE9045A918DD1BD954 /* Frameworks */,
			);
			buildRules = (
			);
			dependencies = (
			);
			name = FakeNFT;
			packageProductDependencies = (
				3065F5C4C5E4C37B27A75CF1 /* SnapKit */,
				DB6BB4B4E190860DB66EC6E4 /* ProgressHUD */,
				44EED02321EDA94878C09522 /* Kingfisher */,
			);
			productName = FakeNFT;
			productReference = 099887B1A17438C9EBD57F7A /* FakeNFT.app */;
			productType = "com.apple.product-type.application";
		};
		F87843CC6F91F6358D4CF9C6 /* FakeNFTUITests */ = {
			isa = PBXNativeTarget;
			buildConfigurationList = 073D91EE67AA4E1E4855363A /* Build configuration list for PBXNativeTarget "FakeNFTUITests" */;
			buildPhases = (
				F4FFAE5628DB33847EC35743 /* Sources */,
			);
			buildRules = (
			);
			dependencies = (
				74160A6725A47FF2EAEA84CC /* PBXTargetDependency */,
			);
			name = FakeNFTUITests;
			packageProductDependencies = (
			);
			productName = FakeNFTUITests;
			productReference = 64011EE65C10EBCAAD4B1B2C /* FakeNFTUITests.xctest */;
			productType = "com.apple.product-type.bundle.ui-testing";
		};
/* End PBXNativeTarget section */

/* Begin PBXProject section */
		1DE3441A45DB17AB68CF0058 /* Project object */ = {
			isa = PBXProject;
			attributes = {
				BuildIndependentTargetsInParallel = YES;
				LastUpgradeCheck = 1430;
				TargetAttributes = {
					F87843CC6F91F6358D4CF9C6 = {
						TestTargetID = 49F29AB4404937D56AB2228B;
					};
				};
			};
			buildConfigurationList = B23E74C05742375C94552E54 /* Build configuration list for PBXProject "FakeNFT" */;
			compatibilityVersion = "Xcode 14.0";
			developmentRegion = en;
			hasScannedForEncodings = 0;
			knownRegions = (
				Base,
				en,
				ru,
			);
			mainGroup = 8C29C1A3D6BC92326E859374;
			minimizedProjectReferenceProxies = 1;
			packageReferences = (
				7D998A4A576F15C72CB6CF0D /* XCRemoteSwiftPackageReference "Kingfisher" */,
				477CEF7853389CAA94531374 /* XCRemoteSwiftPackageReference "ProgressHUD" */,
				0D0B97569ED2A77EA3117AFF /* XCRemoteSwiftPackageReference "SnapKit" */,
			);
			projectDirPath = "";
			projectRoot = "";
			targets = (
				49F29AB4404937D56AB2228B /* FakeNFT */,
				2D40C3B174A8626C86859802 /* FakeNFTTests */,
				F87843CC6F91F6358D4CF9C6 /* FakeNFTUITests */,
			);
		};
/* End PBXProject section */

/* Begin PBXResourcesBuildPhase section */
		8D8B0F78FBDEC055171424A5 /* Resources */ = {
			isa = PBXResourcesBuildPhase;
			buildActionMask = 2147483647;
			files = (
				D24639CBB8C4BBE90C518BE4 /* Assets.xcassets in Resources */,
				67CB368D36B9FBFEEF9A8F2B /* LaunchScreen.storyboard in Resources */,
				58D04EEC6814EDDF71BEA117 /* Localizable.strings in Resources */,
			);
			runOnlyForDeploymentPostprocessing = 0;
		};
/* End PBXResourcesBuildPhase section */

/* Begin PBXShellScriptBuildPhase section */
		32B29E8681D53B56BF6D16FE /* Run SwiftFormat */ = {
			isa = PBXShellScriptBuildPhase;
			alwaysOutOfDate = 1;
			buildActionMask = 2147483647;
			files = (
			);
			inputFileListPaths = (
			);
			inputPaths = (
			);
			name = "Run SwiftFormat";
			outputFileListPaths = (
			);
			outputPaths = (
			);
			runOnlyForDeploymentPostprocessing = 0;
			shellPath = /bin/sh;
			shellScript = "export PATH=\"$PATH:/usr/local/bin:/opt/homebrew/bin\"\nif which swiftformat >/dev/null; then\n  swiftformat \"$SRCROOT\"\nelse\n  echo \"error: SwiftFormat not installed. Please run: brew install swiftformat\"\n  exit 1\nfi\n";
		};
		3C768A5C3E139F209CAB0404 /* Run SwiftLint */ = {
			isa = PBXShellScriptBuildPhase;
			alwaysOutOfDate = 1;
			buildActionMask = 2147483647;
			files = (
			);
			inputFileListPaths = (
			);
			inputPaths = (
			);
			name = "Run SwiftLint";
			outputFileListPaths = (
			);
			outputPaths = (
			);
			runOnlyForDeploymentPostprocessing = 0;
			shellPath = /bin/sh;
			shellScript = "export PATH=\"$PATH:/usr/local/bin:/opt/homebrew/bin\"\nif which swiftlint >/dev/null; then\n  swiftlint\nelse\n  echo \"error: SwiftLint not installed. Please run: brew install swiftlint\"\n  exit 1\nfi\n";
		};
/* End PBXShellScriptBuildPhase section */

/* Begin PBXSourcesBuildPhase section */
		3CD36542DECDCD063EB653FC /* Sources */ = {
			isa = PBXSourcesBuildPhase;
			buildActionMask = 2147483647;
			files = (
				4DDBBE344C178C4F3FCEEC53 /* ExampleUnitTests.swift in Sources */,
			);
			runOnlyForDeploymentPostprocessing = 0;
		};
		C9C417D2FF7A26E63A193B08 /* Sources */ = {
			isa = PBXSourcesBuildPhase;
			buildActionMask = 2147483647;
			files = (
				1E848B2202038199DB18FF48 /* AppDelegate.swift in Sources */,
				920AF6AB19824A9A9C283698 /* CellsReusingUtils.swift in Sources */,
				512824907125B3477B3EBEE4 /* Colors.swift in Sources */,
				C426B5114195B313614B55E2 /* DateFormatters+Presets.swift in Sources */,
				F07C0C0717F5DD735D8E54E2 /* ErrorView.swift in Sources */,
				01998539149CB64777BA3282 /* ExamplePutRequest.swift in Sources */,
				9EED6AEA4BAAD8679A9BCA35 /* ExamplePutService.swift in Sources */,
				AC276C01A38928B40DE287AC /* Fonts.swift in Sources */,
				39054A7A177068739962A3F1 /* LinePageControl.swift in Sources */,
				9BC1F7E73863F076FF2AC5E0 /* LoadingView.swift in Sources */,
				6EB89E59C3FD99D8C647C816 /* NetworkClient.swift in Sources */,
				3C2397392E15E04900EF86AA /* AppDIContainer.swift in Sources */,
				DD843DFA6571D91101564300 /* NetworkRequest.swift in Sources */,
				E192620ABA5433BD126E8EB0 /* NetworkTask.swift in Sources */,
				D38E82C6C903AF64BEF9C198 /* Nft.swift in Sources */,
				C33636E5DE0E7D00D4FCA814 /* NftByIdRequest.swift in Sources */,
				E90121C5AC409A43D7C05669 /* NftDetailAssembly.swift in Sources */,
				3990B1CC3EF370B7CFAC7D8B /* NftDetailCellModel.swift in Sources */,
				A1C10262B07EECFEE37EC973 /* NftDetailInput.swift in Sources */,
				FA94E0B4B6DBA974B71A746C /* NftDetailPresenter.swift in Sources */,
				7AE5370451A98EA53FF3255B /* NftDetailViewController.swift in Sources */,
				08DB34FCAE12AC041A908950 /* NftImageCollectionViewCell.swift in Sources */,
				712FFC2D44A5F8ABB1683FB4 /* NftService.swift in Sources */,
				C1A4FF17E68B61B8088FC62F /* NftStorage.swift in Sources */,
				811D1A97347D92488CC96BF0 /* ProductDetailsTableViewCell.swift in Sources */,
				923608E72500401E3A47D6C2 /* ProductDetailsTableViewController.swift in Sources */,
				020E32825B8A88C5C3747D62 /* Request.swift in Sources */,
				3045EC32E5E3C52AF9C91ED3 /* RequestConstants.swift in Sources */,
				14911D9F694417FDC1156072 /* SceneDelegate.swift in Sources */,
				5BFD599CA25759AA3DDC19B4 /* ServicesAssemly.swift in Sources */,
				3DDD49472B03AB44342F5391 /* TabBarController.swift in Sources */,
				1508104A24B7BD9CFB4FF98F /* TestCatalogController.swift in Sources */,
				6A54BDBE83EE316046850733 /* UIView+Constraints.swift in Sources */,
			);
			runOnlyForDeploymentPostprocessing = 0;
		};
		F4FFAE5628DB33847EC35743 /* Sources */ = {
			isa = PBXSourcesBuildPhase;
			buildActionMask = 2147483647;
			files = (
				489F3AF6E77473E8A52B5A8F /* FakeNFTUITests.swift in Sources */,
			);
			runOnlyForDeploymentPostprocessing = 0;
		};
/* End PBXSourcesBuildPhase section */

/* Begin PBXTargetDependency section */
		06BAA84FCCDFA95E3CB1C722 /* PBXTargetDependency */ = {
			isa = PBXTargetDependency;
			target = 49F29AB4404937D56AB2228B /* FakeNFT */;
			targetProxy = A3E873619913094DCB449E36 /* PBXContainerItemProxy */;
		};
		74160A6725A47FF2EAEA84CC /* PBXTargetDependency */ = {
			isa = PBXTargetDependency;
			target = 49F29AB4404937D56AB2228B /* FakeNFT */;
			targetProxy = DB7CB58124E01D75F7686D53 /* PBXContainerItemProxy */;
		};
/* End PBXTargetDependency section */

/* Begin PBXVariantGroup section */
		9A394A13AA6B15A8F75441E2 /* LaunchScreen.storyboard */ = {
			isa = PBXVariantGroup;
			children = (
				176F0CB42929739A9DB2FC25 /* Base */,
				C13E60E9051CD359A604CA91 /* ru */,
			);
			name = LaunchScreen.storyboard;
			sourceTree = "<group>";
		};
/* End PBXVariantGroup section */

/* Begin XCBuildConfiguration section */
		300953F49D93C64AC6739027 /* Debug */ = {
			isa = XCBuildConfiguration;
			buildSettings = {
				BUNDLE_LOADER = "$(TEST_HOST)";
				CURRENT_PROJECT_VERSION = 1;
				GENERATE_INFOPLIST_FILE = YES;
				LD_RUNPATH_SEARCH_PATHS = (
					"$(inherited)",
					"@executable_path/Frameworks",
					"@loader_path/Frameworks",
				);
				MARKETING_VERSION = 1.0.0;
				PRODUCT_BUNDLE_IDENTIFIER = resxton.FakeNFTUITests;
				SDKROOT = iphoneos;
				TARGETED_DEVICE_FAMILY = "1,2";
				TEST_TARGET_NAME = FakeNFT;
			};
			name = Debug;
		};
		3491A901861C199B1FC7F9CC /* Debug */ = {
			isa = XCBuildConfiguration;
			buildSettings = {
				ALWAYS_SEARCH_USER_PATHS = NO;
				CLANG_ANALYZER_NONNULL = YES;
				CLANG_ANALYZER_NUMBER_OBJECT_CONVERSION = YES_AGGRESSIVE;
				CLANG_CXX_LANGUAGE_STANDARD = "gnu++14";
				CLANG_CXX_LIBRARY = "libc++";
				CLANG_ENABLE_MODULES = YES;
				CLANG_ENABLE_OBJC_ARC = YES;
				CLANG_ENABLE_OBJC_WEAK = YES;
				CLANG_WARN_BLOCK_CAPTURE_AUTORELEASING = YES;
				CLANG_WARN_BOOL_CONVERSION = YES;
				CLANG_WARN_COMMA = YES;
				CLANG_WARN_CONSTANT_CONVERSION = YES;
				CLANG_WARN_DEPRECATED_OBJC_IMPLEMENTATIONS = YES;
				CLANG_WARN_DIRECT_OBJC_ISA_USAGE = YES_ERROR;
				CLANG_WARN_DOCUMENTATION_COMMENTS = YES;
				CLANG_WARN_EMPTY_BODY = YES;
				CLANG_WARN_ENUM_CONVERSION = YES;
				CLANG_WARN_INFINITE_RECURSION = YES;
				CLANG_WARN_INT_CONVERSION = YES;
				CLANG_WARN_NON_LITERAL_NULL_CONVERSION = YES;
				CLANG_WARN_OBJC_IMPLICIT_RETAIN_SELF = YES;
				CLANG_WARN_OBJC_LITERAL_CONVERSION = YES;
				CLANG_WARN_OBJC_ROOT_CLASS = YES_ERROR;
				CLANG_WARN_QUOTED_INCLUDE_IN_FRAMEWORK_HEADER = YES;
				CLANG_WARN_RANGE_LOOP_ANALYSIS = YES;
				CLANG_WARN_STRICT_PROTOTYPES = YES;
				CLANG_WARN_SUSPICIOUS_MOVE = YES;
				CLANG_WARN_UNGUARDED_AVAILABILITY = YES_AGGRESSIVE;
				CLANG_WARN_UNREACHABLE_CODE = YES;
				CLANG_WARN__DUPLICATE_METHOD_MATCH = YES;
				COPY_PHASE_STRIP = NO;
				DEBUG_INFORMATION_FORMAT = dwarf;
				ENABLE_STRICT_OBJC_MSGSEND = YES;
				ENABLE_TESTABILITY = YES;
				GCC_C_LANGUAGE_STANDARD = gnu11;
				GCC_DYNAMIC_NO_PIC = NO;
				GCC_NO_COMMON_BLOCKS = YES;
				GCC_OPTIMIZATION_LEVEL = 0;
				GCC_PREPROCESSOR_DEFINITIONS = (
					"$(inherited)",
					"DEBUG=1",
				);
				GCC_WARN_64_TO_32_BIT_CONVERSION = YES;
				GCC_WARN_ABOUT_RETURN_TYPE = YES_ERROR;
				GCC_WARN_UNDECLARED_SELECTOR = YES;
				GCC_WARN_UNINITIALIZED_AUTOS = YES_AGGRESSIVE;
				GCC_WARN_UNUSED_FUNCTION = YES;
				GCC_WARN_UNUSED_VARIABLE = YES;
				IPHONEOS_DEPLOYMENT_TARGET = 17.0;
				MTL_ENABLE_DEBUG_INFO = INCLUDE_SOURCE;
				MTL_FAST_MATH = YES;
				ONLY_ACTIVE_ARCH = YES;
				PRODUCT_NAME = "$(TARGET_NAME)";
				SDKROOT = iphoneos;
				SWIFT_ACTIVE_COMPILATION_CONDITIONS = DEBUG;
				SWIFT_OPTIMIZATION_LEVEL = "-Onone";
				SWIFT_VERSION = 5.0;
			};
			name = Debug;
		};
		3EE974012C04F9F7FB503716 /* Release */ = {
			isa = XCBuildConfiguration;
			buildSettings = {
				ASSETCATALOG_COMPILER_APPICON_NAME = AppIcon;
				CODE_SIGN_IDENTITY = "iPhone Developer";
				CURRENT_PROJECT_VERSION = 1;
				INFOPLIST_FILE = FakeNFT/Info.plist;
				LD_RUNPATH_SEARCH_PATHS = (
					"$(inherited)",
					"@executable_path/Frameworks",
				);
				MARKETING_VERSION = 1.0.0;
				PRODUCT_BUNDLE_IDENTIFIER = resxton.FakeNFT;
				SDKROOT = iphoneos;
				SWIFT_VERSION = 5.1;
				TARGETED_DEVICE_FAMILY = "1,2";
			};
			name = Release;
		};
		4BF9ABED4BE9C02319313084 /* Release */ = {
			isa = XCBuildConfiguration;
			buildSettings = {
				ALWAYS_SEARCH_USER_PATHS = NO;
				CLANG_ANALYZER_NONNULL = YES;
				CLANG_ANALYZER_NUMBER_OBJECT_CONVERSION = YES_AGGRESSIVE;
				CLANG_CXX_LANGUAGE_STANDARD = "gnu++14";
				CLANG_CXX_LIBRARY = "libc++";
				CLANG_ENABLE_MODULES = YES;
				CLANG_ENABLE_OBJC_ARC = YES;
				CLANG_ENABLE_OBJC_WEAK = YES;
				CLANG_WARN_BLOCK_CAPTURE_AUTORELEASING = YES;
				CLANG_WARN_BOOL_CONVERSION = YES;
				CLANG_WARN_COMMA = YES;
				CLANG_WARN_CONSTANT_CONVERSION = YES;
				CLANG_WARN_DEPRECATED_OBJC_IMPLEMENTATIONS = YES;
				CLANG_WARN_DIRECT_OBJC_ISA_USAGE = YES_ERROR;
				CLANG_WARN_DOCUMENTATION_COMMENTS = YES;
				CLANG_WARN_EMPTY_BODY = YES;
				CLANG_WARN_ENUM_CONVERSION = YES;
				CLANG_WARN_INFINITE_RECURSION = YES;
				CLANG_WARN_INT_CONVERSION = YES;
				CLANG_WARN_NON_LITERAL_NULL_CONVERSION = YES;
				CLANG_WARN_OBJC_IMPLICIT_RETAIN_SELF = YES;
				CLANG_WARN_OBJC_LITERAL_CONVERSION = YES;
				CLANG_WARN_OBJC_ROOT_CLASS = YES_ERROR;
				CLANG_WARN_QUOTED_INCLUDE_IN_FRAMEWORK_HEADER = YES;
				CLANG_WARN_RANGE_LOOP_ANALYSIS = YES;
				CLANG_WARN_STRICT_PROTOTYPES = YES;
				CLANG_WARN_SUSPICIOUS_MOVE = YES;
				CLANG_WARN_UNGUARDED_AVAILABILITY = YES_AGGRESSIVE;
				CLANG_WARN_UNREACHABLE_CODE = YES;
				CLANG_WARN__DUPLICATE_METHOD_MATCH = YES;
				COPY_PHASE_STRIP = NO;
				DEBUG_INFORMATION_FORMAT = "dwarf-with-dsym";
				ENABLE_NS_ASSERTIONS = NO;
				ENABLE_STRICT_OBJC_MSGSEND = YES;
				GCC_C_LANGUAGE_STANDARD = gnu11;
				GCC_NO_COMMON_BLOCKS = YES;
				GCC_WARN_64_TO_32_BIT_CONVERSION = YES;
				GCC_WARN_ABOUT_RETURN_TYPE = YES_ERROR;
				GCC_WARN_UNDECLARED_SELECTOR = YES;
				GCC_WARN_UNINITIALIZED_AUTOS = YES_AGGRESSIVE;
				GCC_WARN_UNUSED_FUNCTION = YES;
				GCC_WARN_UNUSED_VARIABLE = YES;
				IPHONEOS_DEPLOYMENT_TARGET = 17.0;
				MTL_ENABLE_DEBUG_INFO = NO;
				MTL_FAST_MATH = YES;
				PRODUCT_NAME = "$(TARGET_NAME)";
				SDKROOT = iphoneos;
				SWIFT_COMPILATION_MODE = wholemodule;
				SWIFT_OPTIMIZATION_LEVEL = "-O";
				SWIFT_VERSION = 5.0;
			};
			name = Release;
		};
		51A4F7EBBC59C0FF8F0BFFFC /* Release */ = {
			isa = XCBuildConfiguration;
			buildSettings = {
				BUNDLE_LOADER = "$(TEST_HOST)";
				CURRENT_PROJECT_VERSION = 1;
				GENERATE_INFOPLIST_FILE = YES;
				LD_RUNPATH_SEARCH_PATHS = (
					"$(inherited)",
					"@executable_path/Frameworks",
					"@loader_path/Frameworks",
				);
				MARKETING_VERSION = 1.0.0;
				PRODUCT_BUNDLE_IDENTIFIER = resxton.FakeNFTTests;
				SDKROOT = iphoneos;
				TARGETED_DEVICE_FAMILY = "1,2";
				TEST_HOST = "$(BUILT_PRODUCTS_DIR)/FakeNFT.app/FakeNFT";
			};
			name = Release;
		};
		55E4611292CD5BF4D9DD8CC2 /* Debug */ = {
			isa = XCBuildConfiguration;
			buildSettings = {
				BUNDLE_LOADER = "$(TEST_HOST)";
				CURRENT_PROJECT_VERSION = 1;
				GENERATE_INFOPLIST_FILE = YES;
				LD_RUNPATH_SEARCH_PATHS = (
					"$(inherited)",
					"@executable_path/Frameworks",
					"@loader_path/Frameworks",
				);
				MARKETING_VERSION = 1.0.0;
				PRODUCT_BUNDLE_IDENTIFIER = resxton.FakeNFTTests;
				SDKROOT = iphoneos;
				TARGETED_DEVICE_FAMILY = "1,2";
				TEST_HOST = "$(BUILT_PRODUCTS_DIR)/FakeNFT.app/FakeNFT";
			};
			name = Debug;
		};
		7E87C5802715A890638DDA3F /* Release */ = {
			isa = XCBuildConfiguration;
			buildSettings = {
				BUNDLE_LOADER = "$(TEST_HOST)";
				CURRENT_PROJECT_VERSION = 1;
				GENERATE_INFOPLIST_FILE = YES;
				LD_RUNPATH_SEARCH_PATHS = (
					"$(inherited)",
					"@executable_path/Frameworks",
					"@loader_path/Frameworks",
				);
				MARKETING_VERSION = 1.0.0;
				PRODUCT_BUNDLE_IDENTIFIER = resxton.FakeNFTUITests;
				SDKROOT = iphoneos;
				TARGETED_DEVICE_FAMILY = "1,2";
				TEST_TARGET_NAME = FakeNFT;
			};
			name = Release;
		};
		8F55B36D0B9EDFF4F8453145 /* Debug */ = {
			isa = XCBuildConfiguration;
			buildSettings = {
				ASSETCATALOG_COMPILER_APPICON_NAME = AppIcon;
				CODE_SIGN_IDENTITY = "iPhone Developer";
				CURRENT_PROJECT_VERSION = 1;
				INFOPLIST_FILE = FakeNFT/Info.plist;
				LD_RUNPATH_SEARCH_PATHS = (
					"$(inherited)",
					"@executable_path/Frameworks",
				);
				MARKETING_VERSION = 1.0.0;
				PRODUCT_BUNDLE_IDENTIFIER = resxton.FakeNFT;
				SDKROOT = iphoneos;
				SWIFT_VERSION = 5.1;
				TARGETED_DEVICE_FAMILY = "1,2";
			};
			name = Debug;
		};
/* End XCBuildConfiguration section */

/* Begin XCConfigurationList section */
		0261D4FD5195CD1B9D5366A1 /* Build configuration list for PBXNativeTarget "FakeNFT" */ = {
			isa = XCConfigurationList;
			buildConfigurations = (
				8F55B36D0B9EDFF4F8453145 /* Debug */,
				3EE974012C04F9F7FB503716 /* Release */,
			);
			defaultConfigurationIsVisible = 0;
			defaultConfigurationName = Debug;
		};
		073D91EE67AA4E1E4855363A /* Build configuration list for PBXNativeTarget "FakeNFTUITests" */ = {
			isa = XCConfigurationList;
			buildConfigurations = (
				300953F49D93C64AC6739027 /* Debug */,
				7E87C5802715A890638DDA3F /* Release */,
			);
			defaultConfigurationIsVisible = 0;
			defaultConfigurationName = Debug;
		};
		B23E74C05742375C94552E54 /* Build configuration list for PBXProject "FakeNFT" */ = {
			isa = XCConfigurationList;
			buildConfigurations = (
				3491A901861C199B1FC7F9CC /* Debug */,
				4BF9ABED4BE9C02319313084 /* Release */,
			);
			defaultConfigurationIsVisible = 0;
			defaultConfigurationName = Debug;
		};
		C8525D9CD2F79529FEE01C24 /* Build configuration list for PBXNativeTarget "FakeNFTTests" */ = {
			isa = XCConfigurationList;
			buildConfigurations = (
				55E4611292CD5BF4D9DD8CC2 /* Debug */,
				51A4F7EBBC59C0FF8F0BFFFC /* Release */,
			);
			defaultConfigurationIsVisible = 0;
			defaultConfigurationName = Debug;
		};
/* End XCConfigurationList section */

/* Begin XCRemoteSwiftPackageReference section */
		0D0B97569ED2A77EA3117AFF /* XCRemoteSwiftPackageReference "SnapKit" */ = {
			isa = XCRemoteSwiftPackageReference;
			repositoryURL = "https://github.com/SnapKit/SnapKit";
			requirement = {
				kind = exactVersion;
				version = 5.7.1;
			};
		};
		477CEF7853389CAA94531374 /* XCRemoteSwiftPackageReference "ProgressHUD" */ = {
			isa = XCRemoteSwiftPackageReference;
			repositoryURL = "https://github.com/relatedcode/ProgressHUD.git";
			requirement = {
				kind = exactVersion;
				version = 14.1.3;
			};
		};
		7D998A4A576F15C72CB6CF0D /* XCRemoteSwiftPackageReference "Kingfisher" */ = {
			isa = XCRemoteSwiftPackageReference;
			repositoryURL = "https://github.com/onevcat/Kingfisher.git";
			requirement = {
				kind = exactVersion;
				version = 8.3.3;
			};
		};
/* End XCRemoteSwiftPackageReference section */

/* Begin XCSwiftPackageProductDependency section */
		3065F5C4C5E4C37B27A75CF1 /* SnapKit */ = {
			isa = XCSwiftPackageProductDependency;
			package = 0D0B97569ED2A77EA3117AFF /* XCRemoteSwiftPackageReference "SnapKit" */;
			productName = SnapKit;
		};
		44EED02321EDA94878C09522 /* Kingfisher */ = {
			isa = XCSwiftPackageProductDependency;
			package = 7D998A4A576F15C72CB6CF0D /* XCRemoteSwiftPackageReference "Kingfisher" */;
			productName = Kingfisher;
		};
		DB6BB4B4E190860DB66EC6E4 /* ProgressHUD */ = {
			isa = XCSwiftPackageProductDependency;
			package = 477CEF7853389CAA94531374 /* XCRemoteSwiftPackageReference "ProgressHUD" */;
			productName = ProgressHUD;
		};
/* End XCSwiftPackageProductDependency section */
	};
	rootObject = 1DE3441A45DB17AB68CF0058 /* Project object */;
}
